
Microsoft Visual Studio Solution File, Format Version 12.00
# Visual Studio Version 16
VisualStudioVersion = 16.0.30517.126
MinimumVisualStudioVersion = 10.0.40219.1
Project("{FAE04EC0-301F-11D3-BF4B-00C04F79EFBC}") = "ControlFlow_Part2", "ControlFlow_Part2\ControlFlow_Part2.csproj", "{80CF3148-2668-4071-9A6E-38C0A5812C98}"
EndProject
Project("{FAE04EC0-301F-11D3-BF4B-00C04F79EFBC}") = "Instagram", "Instagram\Instagram.csproj", "{B48A5AEA-C58E-48AC-A705-8F566F0E3D7A}"
EndProject
Project("{FAE04EC0-301F-11D3-BF4B-00C04F79EFBC}") = "Grading", "Grading\Grading.csproj", "{0739FB87-BFFF-427C-B416-7E1D1BDADED0}"
EndProject
Project("{FAE04EC0-301F-11D3-BF4B-00C04F79EFBC}") = "SwitchGrading", "SwitchGrading\SwitchGrading.csproj", "{D55FE844-A46C-4397-A484-450E3436D5B5}"
EndProject
Project("{FAE04EC0-301F-11D3-BF4B-00C04F79EFBC}") = "VowalsAndConsonants", "VowalsAndConsonants\VowalsAndConsonants.csproj", "{E00F0001-182F-4469-A9B9-C432F96CFFDD}"
EndProject
Global
	GlobalSection(SolutionConfigurationPlatforms) = preSolution
		Debug|Any CPU = Debug|Any CPU
		Release|Any CPU = Release|Any CPU
	EndGlobalSection
	GlobalSection(ProjectConfigurationPlatforms) = postSolution
		{80CF3148-2668-4071-9A6E-38C0A5812C98}.Debug|Any CPU.ActiveCfg = Debug|Any CPU
		{80CF3148-2668-4071-9A6E-38C0A5812C98}.Debug|Any CPU.Build.0 = Debug|Any CPU
		{80CF3148-2668-4071-9A6E-38C0A5812C98}.Release|Any CPU.ActiveCfg = Release|Any CPU
		{80CF3148-2668-4071-9A6E-38C0A5812C98}.Release|Any CPU.Build.0 = Release|Any CPU
		{B48A5AEA-C58E-48AC-A705-8F566F0E3D7A}.Debug|Any CPU.ActiveCfg = Debug|Any CPU
		{B48A5AEA-C58E-48AC-A705-8F566F0E3D7A}.Debug|Any CPU.Build.0 = Debug|Any CPU
		{B48A5AEA-C58E-48AC-A705-8F566F0E3D7A}.Release|Any CPU.ActiveCfg = Release|Any CPU
		{B48A5AEA-C58E-48AC-A705-8F566F0E3D7A}.Release|Any CPU.Build.0 = Release|Any CPU
		{0739FB87-BFFF-427C-B416-7E1D1BDADED0}.Debug|Any CPU.ActiveCfg = Debug|Any CPU
		{0739FB87-BFFF-427C-B416-7E1D1BDADED0}.Debug|Any CPU.Build.0 = Debug|Any CPU
		{0739FB87-BFFF-427C-B416-7E1D1BDADED0}.Release|Any CPU.ActiveCfg = Release|Any CPU
		{0739FB87-BFFF-427C-B416-7E1D1BDADED0}.Release|Any CPU.Build.0 = Release|Any CPU
		{D55FE844-A46C-4397-A484-450E3436D5B5}.Debug|Any CPU.ActiveCfg = Debug|Any CPU
		{D55FE844-A46C-4397-A484-450E3436D5B5}.Debug|Any CPU.Build.0 = Debug|Any CPU
		{D55FE844-A46C-4397-A484-450E3436D5B5}.Release|Any CPU.ActiveCfg = Release|Any CPU
		{D55FE844-A46C-4397-A484-450E3436D5B5}.Release|Any CPU.Build.0 = Release|Any CPU
		{E00F0001-182F-4469-A9B9-C432F96CFFDD}.Debug|Any CPU.ActiveCfg = Debug|Any CPU
		{E00F0001-182F-4469-A9B9-C432F96CFFDD}.Debug|Any CPU.Build.0 = Debug|Any CPU
		{E00F0001-182F-4469-A9B9-C432F96CFFDD}.Release|Any CPU.ActiveCfg = Release|Any CPU
		{E00F0001-182F-4469-A9B9-C432F96CFFDD}.Release|Any CPU.Build.0 = Release|Any CPU
	EndGlobalSection
	GlobalSection(SolutionProperties) = preSolution
		HideSolutionNode = FALSE
	EndGlobalSection
	GlobalSection(ExtensibilityGlobals) = postSolution
		SolutionGuid = {247D5766-841A-4FD7-ABCE-EEA6122C1F44}
	EndGlobalSection
EndGlobal
